
Microsoft Visual Studio Solution File, Format Version 12.00
# Visual Studio Version 17
VisualStudioVersion = 17.3.32825.248
MinimumVisualStudioVersion = 10.0.40219.1
Project("{FAE04EC0-301F-11D3-BF4B-00C04F79EFBC}") = "Task47", "Task47\Task47.csproj", "{0FC51363-C39C-4B72-894F-BA7368087D7C}"
EndProject
Project("{FAE04EC0-301F-11D3-BF4B-00C04F79EFBC}") = "Task50", "Task50\Task50.csproj", "{F3F4F055-05E3-434D-A734-5DF73EA61D18}"
EndProject
Project("{FAE04EC0-301F-11D3-BF4B-00C04F79EFBC}") = "Task57", "Task57\Task57.csproj", "{C9104CC0-484C-43CD-95A2-CE80B2BC742D}"
EndProject
Global
	GlobalSection(SolutionConfigurationPlatforms) = preSolution
		Debug|Any CPU = Debug|Any CPU
		Release|Any CPU = Release|Any CPU
	EndGlobalSection
	GlobalSection(ProjectConfigurationPlatforms) = postSolution
		{0FC51363-C39C-4B72-894F-BA7368087D7C}.Debug|Any CPU.ActiveCfg = Debug|Any CPU
		{0FC51363-C39C-4B72-894F-BA7368087D7C}.Debug|Any CPU.Build.0 = Debug|Any CPU
		{0FC51363-C39C-4B72-894F-BA7368087D7C}.Release|Any CPU.ActiveCfg = Release|Any CPU
		{0FC51363-C39C-4B72-894F-BA7368087D7C}.Release|Any CPU.Build.0 = Release|Any CPU
		{F3F4F055-05E3-434D-A734-5DF73EA61D18}.Debug|Any CPU.ActiveCfg = Debug|Any CPU
		{F3F4F055-05E3-434D-A734-5DF73EA61D18}.Debug|Any CPU.Build.0 = Debug|Any CPU
		{F3F4F055-05E3-434D-A734-5DF73EA61D18}.Release|Any CPU.ActiveCfg = Release|Any CPU
		{F3F4F055-05E3-434D-A734-5DF73EA61D18}.Release|Any CPU.Build.0 = Release|Any CPU
		{C9104CC0-484C-43CD-95A2-CE80B2BC742D}.Debug|Any CPU.ActiveCfg = Debug|Any CPU
		{C9104CC0-484C-43CD-95A2-CE80B2BC742D}.Debug|Any CPU.Build.0 = Debug|Any CPU
		{C9104CC0-484C-43CD-95A2-CE80B2BC742D}.Release|Any CPU.ActiveCfg = Release|Any CPU
		{C9104CC0-484C-43CD-95A2-CE80B2BC742D}.Release|Any CPU.Build.0 = Release|Any CPU
	EndGlobalSection
	GlobalSection(SolutionProperties) = preSolution
		HideSolutionNode = FALSE
	EndGlobalSection
	GlobalSection(ExtensibilityGlobals) = postSolution
		SolutionGuid = {CDD47D3D-1C7C-4803-9C67-99317999FDBB}
	EndGlobalSection
EndGlobal
